
Microsoft Visual Studio Solution File, Format Version 12.00
# Visual Studio Version 16
VisualStudioVersion = 16.0.29613.14
MinimumVisualStudioVersion = 10.0.40219.1
Project("{FAE04EC0-301F-11D3-BF4B-00C04F79EFBC}") = "PuroRecheio.WebAPI", "PuroRecheio.WebAPI\PuroRecheio.WebAPI.csproj", "{B66B2C0C-6F16-47CD-A99A-806FBC376E50}"
EndProject
Project("{2150E333-8FDC-42A3-9474-1A3956D46DE8}") = "Scripts SQL", "Scripts SQL", "{47FF860F-EA46-4705-98ED-947E4CA6CF71}"
	ProjectSection(SolutionItems) = preProject
		Versao1.sql = Versao1.sql
	EndProjectSection
EndProject
Global
	GlobalSection(SolutionConfigurationPlatforms) = preSolution
		Debug|Any CPU = Debug|Any CPU
		Release|Any CPU = Release|Any CPU
	EndGlobalSection
	GlobalSection(ProjectConfigurationPlatforms) = postSolution
		{B66B2C0C-6F16-47CD-A99A-806FBC376E50}.Debug|Any CPU.ActiveCfg = Debug|Any CPU
		{B66B2C0C-6F16-47CD-A99A-806FBC376E50}.Debug|Any CPU.Build.0 = Debug|Any CPU
		{B66B2C0C-6F16-47CD-A99A-806FBC376E50}.Release|Any CPU.ActiveCfg = Release|Any CPU
		{B66B2C0C-6F16-47CD-A99A-806FBC376E50}.Release|Any CPU.Build.0 = Release|Any CPU
	EndGlobalSection
	GlobalSection(SolutionProperties) = preSolution
		HideSolutionNode = FALSE
	EndGlobalSection
	GlobalSection(ExtensibilityGlobals) = postSolution
		SolutionGuid = {F82CE05C-0874-4989-A155-402DE5E19312}
	EndGlobalSection
EndGlobal
